
Microsoft Visual Studio Solution File, Format Version 12.00
# Visual Studio Version 17
VisualStudioVersion = 17.3.32929.385
MinimumVisualStudioVersion = 10.0.40219.1
Project("{FAE04EC0-301F-11D3-BF4B-00C04F79EFBC}") = "HeroesTrainingApi", "HeroesTrainingApi\HeroesTrainingApi.csproj", "{0858C47E-2CA1-4F7B-9DFF-89813D6BCA90}"
EndProject
Project("{FAE04EC0-301F-11D3-BF4B-00C04F79EFBC}") = "HeroesTraining.BL", "HeroesTraining.BL\HeroesTraining.BL.csproj", "{6E795403-DCF8-4AA7-BBB7-36F331CA08F9}"
EndProject
Project("{FAE04EC0-301F-11D3-BF4B-00C04F79EFBC}") = "HeroesTraining.DL", "HeroesTraining.DL\HeroesTraining.DL.csproj", "{BADFBFC5-D8CB-4533-88A7-044F5E6F3D0D}"
EndProject
Project("{FAE04EC0-301F-11D3-BF4B-00C04F79EFBC}") = "HeroesTraining.DTO", "HeroesTraining.DTO\HeroesTraining.DTO.csproj", "{6B669C86-7D64-4AA2-B0DD-AF3D89617632}"
EndProject
Project("{FAE04EC0-301F-11D3-BF4B-00C04F79EFBC}") = "HeroesTraining.Entities", "HeroesTraining.Entities\HeroesTraining.Entities.csproj", "{1FFCBF01-78A1-4957-BA51-489748FF5F5A}"
EndProject
Global
	GlobalSection(SolutionConfigurationPlatforms) = preSolution
		Debug|Any CPU = Debug|Any CPU
		Release|Any CPU = Release|Any CPU
	EndGlobalSection
	GlobalSection(ProjectConfigurationPlatforms) = postSolution
		{0858C47E-2CA1-4F7B-9DFF-89813D6BCA90}.Debug|Any CPU.ActiveCfg = Debug|Any CPU
		{0858C47E-2CA1-4F7B-9DFF-89813D6BCA90}.Debug|Any CPU.Build.0 = Debug|Any CPU
		{0858C47E-2CA1-4F7B-9DFF-89813D6BCA90}.Release|Any CPU.ActiveCfg = Release|Any CPU
		{0858C47E-2CA1-4F7B-9DFF-89813D6BCA90}.Release|Any CPU.Build.0 = Release|Any CPU
		{6E795403-DCF8-4AA7-BBB7-36F331CA08F9}.Debug|Any CPU.ActiveCfg = Debug|Any CPU
		{6E795403-DCF8-4AA7-BBB7-36F331CA08F9}.Debug|Any CPU.Build.0 = Debug|Any CPU
		{6E795403-DCF8-4AA7-BBB7-36F331CA08F9}.Release|Any CPU.ActiveCfg = Release|Any CPU
		{6E795403-DCF8-4AA7-BBB7-36F331CA08F9}.Release|Any CPU.Build.0 = Release|Any CPU
		{BADFBFC5-D8CB-4533-88A7-044F5E6F3D0D}.Debug|Any CPU.ActiveCfg = Debug|Any CPU
		{BADFBFC5-D8CB-4533-88A7-044F5E6F3D0D}.Debug|Any CPU.Build.0 = Debug|Any CPU
		{BADFBFC5-D8CB-4533-88A7-044F5E6F3D0D}.Release|Any CPU.ActiveCfg = Release|Any CPU
		{BADFBFC5-D8CB-4533-88A7-044F5E6F3D0D}.Release|Any CPU.Build.0 = Release|Any CPU
		{6B669C86-7D64-4AA2-B0DD-AF3D89617632}.Debug|Any CPU.ActiveCfg = Debug|Any CPU
		{6B669C86-7D64-4AA2-B0DD-AF3D89617632}.Debug|Any CPU.Build.0 = Debug|Any CPU
		{6B669C86-7D64-4AA2-B0DD-AF3D89617632}.Release|Any CPU.ActiveCfg = Release|Any CPU
		{6B669C86-7D64-4AA2-B0DD-AF3D89617632}.Release|Any CPU.Build.0 = Release|Any CPU
		{1FFCBF01-78A1-4957-BA51-489748FF5F5A}.Debug|Any CPU.ActiveCfg = Debug|Any CPU
		{1FFCBF01-78A1-4957-BA51-489748FF5F5A}.Debug|Any CPU.Build.0 = Debug|Any CPU
		{1FFCBF01-78A1-4957-BA51-489748FF5F5A}.Release|Any CPU.ActiveCfg = Release|Any CPU
		{1FFCBF01-78A1-4957-BA51-489748FF5F5A}.Release|Any CPU.Build.0 = Release|Any CPU
	EndGlobalSection
	GlobalSection(SolutionProperties) = preSolution
		HideSolutionNode = FALSE
	EndGlobalSection
	GlobalSection(ExtensibilityGlobals) = postSolution
		SolutionGuid = {0202D63B-B8F8-4E6E-9A39-F6F29AA0722D}
	EndGlobalSection
EndGlobal
